
Microsoft Visual Studio Solution File, Format Version 12.00
# Visual Studio 15
VisualStudioVersion = 15.0.27130.2036
MinimumVisualStudioVersion = 10.0.40219.1
Project("{FAE04EC0-301F-11D3-BF4B-00C04F79EFBC}") = "SpatialSubdivision", "SpatialSubdivision.csproj", "{8834351F-9441-4558-823B-B4E6BD81F258}"
EndProject
Global
	GlobalSection(SolutionConfigurationPlatforms) = preSolution
		Debug|Any CPU = Debug|Any CPU
		Release|Any CPU = Release|Any CPU
	EndGlobalSection
	GlobalSection(ProjectConfigurationPlatforms) = postSolution
		{8834351F-9441-4558-823B-B4E6BD81F258}.Debug|Any CPU.ActiveCfg = Debug|Any CPU
		{8834351F-9441-4558-823B-B4E6BD81F258}.Debug|Any CPU.Build.0 = Debug|Any CPU
		{8834351F-9441-4558-823B-B4E6BD81F258}.Release|Any CPU.ActiveCfg = Release|Any CPU
		{8834351F-9441-4558-823B-B4E6BD81F258}.Release|Any CPU.Build.0 = Release|Any CPU
	EndGlobalSection
	GlobalSection(SolutionProperties) = preSolution
		HideSolutionNode = FALSE
	EndGlobalSection
	GlobalSection(ExtensibilityGlobals) = postSolution
		SolutionGuid = {7AB4AE64-E1FF-4392-BA67-A30CA83AB00A}
	EndGlobalSection
EndGlobal
